
Microsoft Visual Studio Solution File, Format Version 12.00
# Visual Studio Version 17
VisualStudioVersion = 17.0.31903.59
MinimumVisualStudioVersion = 10.0.40219.1
Project("{FAE04EC0-301F-11D3-BF4B-00C04F79EFBC}") = "ModMath.ModNumber", "ModMath.ModNumber\ModMath.ModNumber.csproj", "{BA3E716A-6F71-4F2B-A0D9-D3585845A142}"
EndProject
Project("{FAE04EC0-301F-11D3-BF4B-00C04F79EFBC}") = "ModMath.Tests", "ModMath.Tests\ModMath.Tests.csproj", "{9BE19A16-23CC-4090-A3B1-BA908C95C7A4}"
EndProject
Global
	GlobalSection(SolutionConfigurationPlatforms) = preSolution
		Debug|Any CPU = Debug|Any CPU
		Release|Any CPU = Release|Any CPU
	EndGlobalSection
	GlobalSection(SolutionProperties) = preSolution
		HideSolutionNode = FALSE
	EndGlobalSection
	GlobalSection(ProjectConfigurationPlatforms) = postSolution
		{BA3E716A-6F71-4F2B-A0D9-D3585845A142}.Debug|Any CPU.ActiveCfg = Debug|Any CPU
		{BA3E716A-6F71-4F2B-A0D9-D3585845A142}.Debug|Any CPU.Build.0 = Debug|Any CPU
		{BA3E716A-6F71-4F2B-A0D9-D3585845A142}.Release|Any CPU.ActiveCfg = Release|Any CPU
		{BA3E716A-6F71-4F2B-A0D9-D3585845A142}.Release|Any CPU.Build.0 = Release|Any CPU
		{9BE19A16-23CC-4090-A3B1-BA908C95C7A4}.Debug|Any CPU.ActiveCfg = Debug|Any CPU
		{9BE19A16-23CC-4090-A3B1-BA908C95C7A4}.Debug|Any CPU.Build.0 = Debug|Any CPU
		{9BE19A16-23CC-4090-A3B1-BA908C95C7A4}.Release|Any CPU.ActiveCfg = Release|Any CPU
		{9BE19A16-23CC-4090-A3B1-BA908C95C7A4}.Release|Any CPU.Build.0 = Release|Any CPU
	EndGlobalSection
EndGlobal
